{
  "name": "my-app",
  "lockfileVersion": 2,
  "requires": true,
  "packages": {
    "": {
      "version": "1.0.0",
      "resolved": "https://registry.npmjs.org/my-app/-/my-app-1.0.0.tgz"
    },
    "dependencies": {
      "react": {
        "version": "17.0.2",
        "resolved": "https://registry.npmjs.org/react/-/react-17.0.2.tgz"
      },
      "react-dom": {
        "version": "17.0.2",
        "resolved": "https://registry.npmjs.org/react-dom/-/react-dom-17.0.2.tgz"
      }
    }
  },
  "dependencies": {
    "react": {
      "version": "17.0.2",
      "resolved": "https://registry.npmjs.org/react/-/react-17.0.2.tgz"
    },
    "react-dom": {
      "version": "17.0.2",
      "resolved": "https://registry.npmjs.org/react-dom/-/react-dom-17.0.2.tgz"
    }
  }
}
